// !$*UTF8*$!
{
	archiveVersion = 1;
	classes = {
	};
	objectVersion = 50;
	objects = {

/* Begin PBXBuildFile section */
		AB913A9A278688F4006545D1 /* UIHelper.swift in Sources */ = {isa = PBXBuildFile; fileRef = AB913A99278688F4006545D1 /* UIHelper.swift */; };
		AB913AA22787DC25006545D1 /* GFEmptyStateView.swift in Sources */ = {isa = PBXBuildFile; fileRef = AB913AA12787DC25006545D1 /* GFEmptyStateView.swift */; };
		AB913AA42787FCEF006545D1 /* UserInfoVC.swift in Sources */ = {isa = PBXBuildFile; fileRef = AB913AA32787FCEF006545D1 /* UserInfoVC.swift */; };
		AB913AA627890DB9006545D1 /* GFSecondaryTitleLabel.swift in Sources */ = {isa = PBXBuildFile; fileRef = AB913AA527890DB9006545D1 /* GFSecondaryTitleLabel.swift */; };
		AB913AA827890E20006545D1 /* GFUserHeaderVC.swift in Sources */ = {isa = PBXBuildFile; fileRef = AB913AA727890E20006545D1 /* GFUserHeaderVC.swift */; };
		AB913AAA27892099006545D1 /* Constants.swift in Sources */ = {isa = PBXBuildFile; fileRef = AB913AA927892099006545D1 /* Constants.swift */; };
		AB913AAC27892D09006545D1 /* GFItemInfoView.swift in Sources */ = {isa = PBXBuildFile; fileRef = AB913AAB27892D09006545D1 /* GFItemInfoView.swift */; };
		AB913AB92789476A006545D1 /* GFFollowerInfoVC.swift in Sources */ = {isa = PBXBuildFile; fileRef = AB913AB827894769006545D1 /* GFFollowerInfoVC.swift */; };
		AB913ABB2789476E006545D1 /* GFRepoInfoVC.swift in Sources */ = {isa = PBXBuildFile; fileRef = AB913ABA2789476E006545D1 /* GFRepoInfoVC.swift */; };
		AB913ABD27894775006545D1 /* GFItemInfoSuperVC.swift in Sources */ = {isa = PBXBuildFile; fileRef = AB913ABC27894775006545D1 /* GFItemInfoSuperVC.swift */; };
		AB913AC027895555006545D1 /* Date+Ext.swift in Sources */ = {isa = PBXBuildFile; fileRef = AB913ABF27895555006545D1 /* Date+Ext.swift */; };
		AB913AC2278955DF006545D1 /* String+Ext.swift in Sources */ = {isa = PBXBuildFile; fileRef = AB913AC1278955DF006545D1 /* String+Ext.swift */; };
		AB913AC4278A9D4B006545D1 /* PersistenceManager.swift in Sources */ = {isa = PBXBuildFile; fileRef = AB913AC3278A9D4B006545D1 /* PersistenceManager.swift */; };
		AB913AC6278AB163006545D1 /* FavoriteCell.swift in Sources */ = {isa = PBXBuildFile; fileRef = AB913AC5278AB163006545D1 /* FavoriteCell.swift */; };
		AB913AC9278AC336006545D1 /* GFTabBarController.swift in Sources */ = {isa = PBXBuildFile; fileRef = AB913AC8278AC336006545D1 /* GFTabBarController.swift */; };
		ABB4D688278398ED0068CC20 /* GFButton.swift in Sources */ = {isa = PBXBuildFile; fileRef = ABB4D687278398ED0068CC20 /* GFButton.swift */; };
		ABB4D68A2783A0020068CC20 /* GFTextField.swift in Sources */ = {isa = PBXBuildFile; fileRef = ABB4D6892783A0020068CC20 /* GFTextField.swift */; };
		ABB4D68C2783B9C80068CC20 /* FollowersListVC.swift in Sources */ = {isa = PBXBuildFile; fileRef = ABB4D68B2783B9C80068CC20 /* FollowersListVC.swift */; };
		ABB4D68E27842E260068CC20 /* GFTitleLabel.swift in Sources */ = {isa = PBXBuildFile; fileRef = ABB4D68D27842E260068CC20 /* GFTitleLabel.swift */; };
		ABB4D69027842FCF0068CC20 /* GFBodyLabel.swift in Sources */ = {isa = PBXBuildFile; fileRef = ABB4D68F27842FCF0068CC20 /* GFBodyLabel.swift */; };
		ABB4D692278436780068CC20 /* GFAlertVC.swift in Sources */ = {isa = PBXBuildFile; fileRef = ABB4D691278436780068CC20 /* GFAlertVC.swift */; };
		ABB4D69427843EAF0068CC20 /* UIViewController+Ext.swift in Sources */ = {isa = PBXBuildFile; fileRef = ABB4D69327843EAF0068CC20 /* UIViewController+Ext.swift */; };
		ABB4D69A2784CC5A0068CC20 /* GFAlertContainerView.swift in Sources */ = {isa = PBXBuildFile; fileRef = ABB4D6992784CC5A0068CC20 /* GFAlertContainerView.swift */; };
		ABB4D69D27850B060068CC20 /* Follower.swift in Sources */ = {isa = PBXBuildFile; fileRef = ABB4D69C27850B060068CC20 /* Follower.swift */; };
		ABB4D69F27850B940068CC20 /* User.swift in Sources */ = {isa = PBXBuildFile; fileRef = ABB4D69E27850B940068CC20 /* User.swift */; };
		ABB4D6A227853AFA0068CC20 /* NetworkManager.swift in Sources */ = {isa = PBXBuildFile; fileRef = ABB4D6A127853AFA0068CC20 /* NetworkManager.swift */; };
		ABB4D6A5278548C30068CC20 /* ErrorMessage.swift in Sources */ = {isa = PBXBuildFile; fileRef = ABB4D6A4278548C30068CC20 /* ErrorMessage.swift */; };
		ABB4D6A8278558B50068CC20 /* FollowerCell.swift in Sources */ = {isa = PBXBuildFile; fileRef = ABB4D6A7278558B50068CC20 /* FollowerCell.swift */; };
		ABB4D6AA278559D30068CC20 /* GFAvatarImageView.swift in Sources */ = {isa = PBXBuildFile; fileRef = ABB4D6A9278559D30068CC20 /* GFAvatarImageView.swift */; };
		ABFB0FED277D3C4B004D648E /* AppDelegate.swift in Sources */ = {isa = PBXBuildFile; fileRef = ABFB0FEC277D3C4B004D648E /* AppDelegate.swift */; };
		ABFB0FEF277D3C4B004D648E /* SceneDelegate.swift in Sources */ = {isa = PBXBuildFile; fileRef = ABFB0FEE277D3C4B004D648E /* SceneDelegate.swift */; };
		ABFB0FF6277D3C4C004D648E /* Assets.xcassets in Resources */ = {isa = PBXBuildFile; fileRef = ABFB0FF5277D3C4C004D648E /* Assets.xcassets */; };
		ABFB0FF9277D3C4C004D648E /* LaunchScreen.storyboard in Resources */ = {isa = PBXBuildFile; fileRef = ABFB0FF7277D3C4C004D648E /* LaunchScreen.storyboard */; };
		ABFB1001277D4C7F004D648E /* SearchVC.swift in Sources */ = {isa = PBXBuildFile; fileRef = ABFB1000277D4C7F004D648E /* SearchVC.swift */; };
		ABFB1003277D4CD0004D648E /* FavoritesListVC.swift in Sources */ = {isa = PBXBuildFile; fileRef = ABFB1002277D4CD0004D648E /* FavoritesListVC.swift */; };
/* End PBXBuildFile section */

/* Begin PBXFileReference section */
		AB913A99278688F4006545D1 /* UIHelper.swift */ = {isa = PBXFileReference; lastKnownFileType = sourcecode.swift; path = UIHelper.swift; sourceTree = "<group>"; };
		AB913AA12787DC25006545D1 /* GFEmptyStateView.swift */ = {isa = PBXFileReference; lastKnownFileType = sourcecode.swift; path = GFEmptyStateView.swift; sourceTree = "<group>"; };
		AB913AA32787FCEF006545D1 /* UserInfoVC.swift */ = {isa = PBXFileReference; lastKnownFileType = sourcecode.swift; path = UserInfoVC.swift; sourceTree = "<group>"; };
		AB913AA527890DB9006545D1 /* GFSecondaryTitleLabel.swift */ = {isa = PBXFileReference; lastKnownFileType = sourcecode.swift; path = GFSecondaryTitleLabel.swift; sourceTree = "<group>"; };
		AB913AA727890E20006545D1 /* GFUserHeaderVC.swift */ = {isa = PBXFileReference; lastKnownFileType = sourcecode.swift; path = GFUserHeaderVC.swift; sourceTree = "<group>"; };
		AB913AA927892099006545D1 /* Constants.swift */ = {isa = PBXFileReference; lastKnownFileType = sourcecode.swift; path = Constants.swift; sourceTree = "<group>"; };
		AB913AAB27892D09006545D1 /* GFItemInfoView.swift */ = {isa = PBXFileReference; lastKnownFileType = sourcecode.swift; path = GFItemInfoView.swift; sourceTree = "<group>"; };
		AB913AB827894769006545D1 /* GFFollowerInfoVC.swift */ = {isa = PBXFileReference; lastKnownFileType = sourcecode.swift; path = GFFollowerInfoVC.swift; sourceTree = "<group>"; };
		AB913ABA2789476E006545D1 /* GFRepoInfoVC.swift */ = {isa = PBXFileReference; lastKnownFileType = sourcecode.swift; path = GFRepoInfoVC.swift; sourceTree = "<group>"; };
		AB913ABC27894775006545D1 /* GFItemInfoSuperVC.swift */ = {isa = PBXFileReference; lastKnownFileType = sourcecode.swift; path = GFItemInfoSuperVC.swift; sourceTree = "<group>"; };
		AB913ABF27895555006545D1 /* Date+Ext.swift */ = {isa = PBXFileReference; lastKnownFileType = sourcecode.swift; path = "Date+Ext.swift"; sourceTree = "<group>"; };
		AB913AC1278955DF006545D1 /* String+Ext.swift */ = {isa = PBXFileReference; lastKnownFileType = sourcecode.swift; path = "String+Ext.swift"; sourceTree = "<group>"; };
		AB913AC3278A9D4B006545D1 /* PersistenceManager.swift */ = {isa = PBXFileReference; lastKnownFileType = sourcecode.swift; path = PersistenceManager.swift; sourceTree = "<group>"; };
		AB913AC5278AB163006545D1 /* FavoriteCell.swift */ = {isa = PBXFileReference; lastKnownFileType = sourcecode.swift; path = FavoriteCell.swift; sourceTree = "<group>"; };
		AB913AC8278AC336006545D1 /* GFTabBarController.swift */ = {isa = PBXFileReference; lastKnownFileType = sourcecode.swift; path = GFTabBarController.swift; sourceTree = "<group>"; };
		ABB4D687278398ED0068CC20 /* GFButton.swift */ = {isa = PBXFileReference; lastKnownFileType = sourcecode.swift; path = GFButton.swift; sourceTree = "<group>"; };
		ABB4D6892783A0020068CC20 /* GFTextField.swift */ = {isa = PBXFileReference; lastKnownFileType = sourcecode.swift; path = GFTextField.swift; sourceTree = "<group>"; };
		ABB4D68B2783B9C80068CC20 /* FollowersListVC.swift */ = {isa = PBXFileReference; lastKnownFileType = sourcecode.swift; path = FollowersListVC.swift; sourceTree = "<group>"; };
		ABB4D68D27842E260068CC20 /* GFTitleLabel.swift */ = {isa = PBXFileReference; lastKnownFileType = sourcecode.swift; path = GFTitleLabel.swift; sourceTree = "<group>"; };
		ABB4D68F27842FCF0068CC20 /* GFBodyLabel.swift */ = {isa = PBXFileReference; lastKnownFileType = sourcecode.swift; path = GFBodyLabel.swift; sourceTree = "<group>"; };
		ABB4D691278436780068CC20 /* GFAlertVC.swift */ = {isa = PBXFileReference; lastKnownFileType = sourcecode.swift; path = GFAlertVC.swift; sourceTree = "<group>"; };
		ABB4D69327843EAF0068CC20 /* UIViewController+Ext.swift */ = {isa = PBXFileReference; lastKnownFileType = sourcecode.swift; path = "UIViewController+Ext.swift"; sourceTree = "<group>"; };
		ABB4D6992784CC5A0068CC20 /* GFAlertContainerView.swift */ = {isa = PBXFileReference; lastKnownFileType = sourcecode.swift; path = GFAlertContainerView.swift; sourceTree = "<group>"; };
		ABB4D69C27850B060068CC20 /* Follower.swift */ = {isa = PBXFileReference; lastKnownFileType = sourcecode.swift; path = Follower.swift; sourceTree = "<group>"; };
		ABB4D69E27850B940068CC20 /* User.swift */ = {isa = PBXFileReference; lastKnownFileType = sourcecode.swift; path = User.swift; sourceTree = "<group>"; };
		ABB4D6A127853AFA0068CC20 /* NetworkManager.swift */ = {isa = PBXFileReference; lastKnownFileType = sourcecode.swift; path = NetworkManager.swift; sourceTree = "<group>"; };
		ABB4D6A4278548C30068CC20 /* ErrorMessage.swift */ = {isa = PBXFileReference; lastKnownFileType = sourcecode.swift; path = ErrorMessage.swift; sourceTree = "<group>"; };
		ABB4D6A7278558B50068CC20 /* FollowerCell.swift */ = {isa = PBXFileReference; lastKnownFileType = sourcecode.swift; path = FollowerCell.swift; sourceTree = "<group>"; };
		ABB4D6A9278559D30068CC20 /* GFAvatarImageView.swift */ = {isa = PBXFileReference; lastKnownFileType = sourcecode.swift; path = GFAvatarImageView.swift; sourceTree = "<group>"; };
		ABFB0FE9277D3C4B004D648E /* GHFollowers.app */ = {isa = PBXFileReference; explicitFileType = wrapper.application; includeInIndex = 0; path = GHFollowers.app; sourceTree = BUILT_PRODUCTS_DIR; };
		ABFB0FEC277D3C4B004D648E /* AppDelegate.swift */ = {isa = PBXFileReference; lastKnownFileType = sourcecode.swift; path = AppDelegate.swift; sourceTree = "<group>"; };
		ABFB0FEE277D3C4B004D648E /* SceneDelegate.swift */ = {isa = PBXFileReference; lastKnownFileType = sourcecode.swift; path = SceneDelegate.swift; sourceTree = "<group>"; };
		ABFB0FF5277D3C4C004D648E /* Assets.xcassets */ = {isa = PBXFileReference; lastKnownFileType = folder.assetcatalog; path = Assets.xcassets; sourceTree = "<group>"; };
		ABFB0FF8277D3C4C004D648E /* Base */ = {isa = PBXFileReference; lastKnownFileType = file.storyboard; name = Base; path = Base.lproj/LaunchScreen.storyboard; sourceTree = "<group>"; };
		ABFB0FFA277D3C4C004D648E /* Info.plist */ = {isa = PBXFileReference; lastKnownFileType = text.plist.xml; path = Info.plist; sourceTree = "<group>"; };
		ABFB1000277D4C7F004D648E /* SearchVC.swift */ = {isa = PBXFileReference; lastKnownFileType = sourcecode.swift; path = SearchVC.swift; sourceTree = "<group>"; };
		ABFB1002277D4CD0004D648E /* FavoritesListVC.swift */ = {isa = PBXFileReference; lastKnownFileType = sourcecode.swift; path = FavoritesListVC.swift; sourceTree = "<group>"; };
/* End PBXFileReference section */

/* Begin PBXFrameworksBuildPhase section */
		ABFB0FE6277D3C4B004D648E /* Frameworks */ = {
			isa = PBXFrameworksBuildPhase;
			buildActionMask = 2147483647;
			files = (
			);
			runOnlyForDeploymentPostprocessing = 0;
		};
/* End PBXFrameworksBuildPhase section */

/* Begin PBXGroup section */
		AB913A9B2787DB64006545D1 /* Labels */ = {
			isa = PBXGroup;
			children = (
				ABB4D68F27842FCF0068CC20 /* GFBodyLabel.swift */,
				ABB4D68D27842E260068CC20 /* GFTitleLabel.swift */,
				AB913AA527890DB9006545D1 /* GFSecondaryTitleLabel.swift */,
			);
			path = Labels;
			sourceTree = "<group>";
		};
		AB913A9C2787DB8E006545D1 /* ViewControllers */ = {
			isa = PBXGroup;
			children = (
				AB913ABE2789479E006545D1 /* GFItemInfoVCs */,
				ABB4D691278436780068CC20 /* GFAlertVC.swift */,
				AB913AA727890E20006545D1 /* GFUserHeaderVC.swift */,
			);
			path = ViewControllers;
			sourceTree = "<group>";
		};
		AB913A9D2787DBA5006545D1 /* Views */ = {
			isa = PBXGroup;
			children = (
				ABB4D6992784CC5A0068CC20 /* GFAlertContainerView.swift */,
				AB913AA12787DC25006545D1 /* GFEmptyStateView.swift */,
				AB913AAB27892D09006545D1 /* GFItemInfoView.swift */,
			);
			path = Views;
			sourceTree = "<group>";
		};
		AB913A9E2787DBB2006545D1 /* ImageViews */ = {
			isa = PBXGroup;
			children = (
				ABB4D6A9278559D30068CC20 /* GFAvatarImageView.swift */,
			);
			path = ImageViews;
			sourceTree = "<group>";
		};
		AB913A9F2787DBC4006545D1 /* Buttons */ = {
			isa = PBXGroup;
			children = (
				ABB4D687278398ED0068CC20 /* GFButton.swift */,
			);
			path = Buttons;
			sourceTree = "<group>";
		};
		AB913AA02787DBD2006545D1 /* TextFields */ = {
			isa = PBXGroup;
			children = (
				ABB4D6892783A0020068CC20 /* GFTextField.swift */,
			);
			path = TextFields;
			sourceTree = "<group>";
		};
		AB913ABE2789479E006545D1 /* GFItemInfoVCs */ = {
			isa = PBXGroup;
			children = (
				AB913AB827894769006545D1 /* GFFollowerInfoVC.swift */,
				AB913ABC27894775006545D1 /* GFItemInfoSuperVC.swift */,
				AB913ABA2789476E006545D1 /* GFRepoInfoVC.swift */,
			);
			path = GFItemInfoVCs;
			sourceTree = "<group>";
		};
		AB913AC7278AC302006545D1 /* TabbarViewContoller */ = {
			isa = PBXGroup;
			children = (
				AB913AC8278AC336006545D1 /* GFTabBarController.swift */,
			);
			path = TabbarViewContoller;
			sourceTree = "<group>";
		};
		ABB4D6952784C9900068CC20 /* Screens */ = {
			isa = PBXGroup;
			children = (
				ABFB1000277D4C7F004D648E /* SearchVC.swift */,
				ABFB1002277D4CD0004D648E /* FavoritesListVC.swift */,
				ABB4D68B2783B9C80068CC20 /* FollowersListVC.swift */,
				AB913AA32787FCEF006545D1 /* UserInfoVC.swift */,
			);
			path = Screens;
			sourceTree = "<group>";
		};
		ABB4D6962784C9F30068CC20 /* Custom Views */ = {
			isa = PBXGroup;
			children = (
				AB913AC7278AC302006545D1 /* TabbarViewContoller */,
				AB913AA02787DBD2006545D1 /* TextFields */,
				AB913A9F2787DBC4006545D1 /* Buttons */,
				AB913A9E2787DBB2006545D1 /* ImageViews */,
				AB913A9D2787DBA5006545D1 /* Views */,
				AB913A9C2787DB8E006545D1 /* ViewControllers */,
				AB913A9B2787DB64006545D1 /* Labels */,
				ABB4D6A6278558950068CC20 /* Cell */,
			);
			path = "Custom Views";
			sourceTree = "<group>";
		};
		ABB4D6972784CAAC0068CC20 /* Extensions */ = {
			isa = PBXGroup;
			children = (
				ABB4D69327843EAF0068CC20 /* UIViewController+Ext.swift */,
				AB913ABF27895555006545D1 /* Date+Ext.swift */,
				AB913AC1278955DF006545D1 /* String+Ext.swift */,
			);
			path = Extensions;
			sourceTree = "<group>";
		};
		ABB4D6982784CAC00068CC20 /* Support */ = {
			isa = PBXGroup;
			children = (
				ABFB0FEC277D3C4B004D648E /* AppDelegate.swift */,
				ABFB0FEE277D3C4B004D648E /* SceneDelegate.swift */,
				ABFB0FF7277D3C4C004D648E /* LaunchScreen.storyboard */,
				ABFB0FF5277D3C4C004D648E /* Assets.xcassets */,
			);
			path = Support;
			sourceTree = "<group>";
		};
		ABB4D69B27850AEE0068CC20 /* Model */ = {
			isa = PBXGroup;
			children = (
				ABB4D69C27850B060068CC20 /* Follower.swift */,
				ABB4D69E27850B940068CC20 /* User.swift */,
			);
			path = Model;
			sourceTree = "<group>";
		};
		ABB4D6A027853ADE0068CC20 /* Managers */ = {
			isa = PBXGroup;
			children = (
				ABB4D6A127853AFA0068CC20 /* NetworkManager.swift */,
				AB913AC3278A9D4B006545D1 /* PersistenceManager.swift */,
			);
			path = Managers;
			sourceTree = "<group>";
		};
		ABB4D6A3278548AA0068CC20 /* Utilities */ = {
			isa = PBXGroup;
			children = (
				ABB4D6A4278548C30068CC20 /* ErrorMessage.swift */,
				AB913A99278688F4006545D1 /* UIHelper.swift */,
				AB913AA927892099006545D1 /* Constants.swift */,
			);
			path = Utilities;
			sourceTree = "<group>";
		};
		ABB4D6A6278558950068CC20 /* Cell */ = {
			isa = PBXGroup;
			children = (
				ABB4D6A7278558B50068CC20 /* FollowerCell.swift */,
				AB913AC5278AB163006545D1 /* FavoriteCell.swift */,
			);
			path = Cell;
			sourceTree = "<group>";
		};
		ABFB0FE0277D3C4A004D648E = {
			isa = PBXGroup;
			children = (
				ABFB0FEB277D3C4B004D648E /* GHFollowers */,
				ABFB0FEA277D3C4B004D648E /* Products */,
			);
			sourceTree = "<group>";
		};
		ABFB0FEA277D3C4B004D648E /* Products */ = {
			isa = PBXGroup;
			children = (
				ABFB0FE9277D3C4B004D648E /* GHFollowers.app */,
			);
			name = Products;
			sourceTree = "<group>";
		};
		ABFB0FEB277D3C4B004D648E /* GHFollowers */ = {
			isa = PBXGroup;
			children = (
				ABB4D6A3278548AA0068CC20 /* Utilities */,
				ABFB0FFA277D3C4C004D648E /* Info.plist */,
				ABB4D6A027853ADE0068CC20 /* Managers */,
				ABB4D69B27850AEE0068CC20 /* Model */,
				ABB4D6982784CAC00068CC20 /* Support */,
				ABB4D6972784CAAC0068CC20 /* Extensions */,
				ABB4D6962784C9F30068CC20 /* Custom Views */,
				ABB4D6952784C9900068CC20 /* Screens */,
			);
			path = GHFollowers;
			sourceTree = "<group>";
		};
/* End PBXGroup section */

/* Begin PBXNativeTarget section */
		ABFB0FE8277D3C4B004D648E /* GHFollowers */ = {
			isa = PBXNativeTarget;
			buildConfigurationList = ABFB0FFD277D3C4C004D648E /* Build configuration list for PBXNativeTarget "GHFollowers" */;
			buildPhases = (
				ABFB0FE5277D3C4B004D648E /* Sources */,
				ABFB0FE6277D3C4B004D648E /* Frameworks */,
				ABFB0FE7277D3C4B004D648E /* Resources */,
			);
			buildRules = (
			);
			dependencies = (
			);
			name = GHFollowers;
			productName = GHFollowers;
			productReference = ABFB0FE9277D3C4B004D648E /* GHFollowers.app */;
			productType = "com.apple.product-type.application";
		};
/* End PBXNativeTarget section */

/* Begin PBXProject section */
		ABFB0FE1277D3C4A004D648E /* Project object */ = {
			isa = PBXProject;
			attributes = {
				LastSwiftUpdateCheck = 1250;
				LastUpgradeCheck = 1250;
				TargetAttributes = {
					ABFB0FE8277D3C4B004D648E = {
						CreatedOnToolsVersion = 12.5.1;
					};
				};
			};
			buildConfigurationList = ABFB0FE4277D3C4A004D648E /* Build configuration list for PBXProject "GHFollowers" */;
			compatibilityVersion = "Xcode 9.3";
			developmentRegion = en;
			hasScannedForEncodings = 0;
			knownRegions = (
				en,
				Base,
			);
			mainGroup = ABFB0FE0277D3C4A004D648E;
			productRefGroup = ABFB0FEA277D3C4B004D648E /* Products */;
			projectDirPath = "";
			projectRoot = "";
			targets = (
				ABFB0FE8277D3C4B004D648E /* GHFollowers */,
			);
		};
/* End PBXProject section */

/* Begin PBXResourcesBuildPhase section */
		ABFB0FE7277D3C4B004D648E /* Resources */ = {
			isa = PBXResourcesBuildPhase;
			buildActionMask = 2147483647;
			files = (
				ABFB0FF9277D3C4C004D648E /* LaunchScreen.storyboard in Resources */,
				ABFB0FF6277D3C4C004D648E /* Assets.xcassets in Resources */,
			);
			runOnlyForDeploymentPostprocessing = 0;
		};
/* End PBXResourcesBuildPhase section */

/* Begin PBXSourcesBuildPhase section */
		ABFB0FE5277D3C4B004D648E /* Sources */ = {
			isa = PBXSourcesBuildPhase;
			buildActionMask = 2147483647;
			files = (
				ABB4D69A2784CC5A0068CC20 /* GFAlertContainerView.swift in Sources */,
				ABB4D68A2783A0020068CC20 /* GFTextField.swift in Sources */,
				ABB4D68C2783B9C80068CC20 /* FollowersListVC.swift in Sources */,
				ABFB1003277D4CD0004D648E /* FavoritesListVC.swift in Sources */,
				ABB4D69427843EAF0068CC20 /* UIViewController+Ext.swift in Sources */,
				AB913AA22787DC25006545D1 /* GFEmptyStateView.swift in Sources */,
				ABB4D688278398ED0068CC20 /* GFButton.swift in Sources */,
				ABB4D69F27850B940068CC20 /* User.swift in Sources */,
				AB913ABB2789476E006545D1 /* GFRepoInfoVC.swift in Sources */,
				ABB4D6A8278558B50068CC20 /* FollowerCell.swift in Sources */,
				ABB4D6AA278559D30068CC20 /* GFAvatarImageView.swift in Sources */,
				ABB4D692278436780068CC20 /* GFAlertVC.swift in Sources */,
				AB913AA42787FCEF006545D1 /* UserInfoVC.swift in Sources */,
				AB913AC6278AB163006545D1 /* FavoriteCell.swift in Sources */,
				ABB4D69027842FCF0068CC20 /* GFBodyLabel.swift in Sources */,
				ABB4D69D27850B060068CC20 /* Follower.swift in Sources */,
				ABB4D68E27842E260068CC20 /* GFTitleLabel.swift in Sources */,
				AB913AB92789476A006545D1 /* GFFollowerInfoVC.swift in Sources */,
				AB913AA827890E20006545D1 /* GFUserHeaderVC.swift in Sources */,
				AB913AC4278A9D4B006545D1 /* PersistenceManager.swift in Sources */,
				AB913AC2278955DF006545D1 /* String+Ext.swift in Sources */,
				AB913ABD27894775006545D1 /* GFItemInfoSuperVC.swift in Sources */,
				AB913AA627890DB9006545D1 /* GFSecondaryTitleLabel.swift in Sources */,
				ABFB1001277D4C7F004D648E /* SearchVC.swift in Sources */,
				ABB4D6A5278548C30068CC20 /* ErrorMessage.swift in Sources */,
				AB913A9A278688F4006545D1 /* UIHelper.swift in Sources */,
				AB913AC027895555006545D1 /* Date+Ext.swift in Sources */,
				ABB4D6A227853AFA0068CC20 /* NetworkManager.swift in Sources */,
				ABFB0FED277D3C4B004D648E /* AppDelegate.swift in Sources */,
				AB913AAC27892D09006545D1 /* GFItemInfoView.swift in Sources */,
				ABFB0FEF277D3C4B004D648E /* SceneDelegate.swift in Sources */,
				AB913AAA27892099006545D1 /* Constants.swift in Sources */,
				AB913AC9278AC336006545D1 /* GFTabBarController.swift in Sources */,
			);
			runOnlyForDeploymentPostprocessing = 0;
		};
/* End PBXSourcesBuildPhase section */

/* Begin PBXVariantGroup section */
		ABFB0FF7277D3C4C004D648E /* LaunchScreen.storyboard */ = {
			isa = PBXVariantGroup;
			children = (
				ABFB0FF8277D3C4C004D648E /* Base */,
			);
			name = LaunchScreen.storyboard;
			sourceTree = "<group>";
		};
/* End PBXVariantGroup section */

/* Begin XCBuildConfiguration section */
		ABFB0FFB277D3C4C004D648E /* Debug */ = {
			isa = XCBuildConfiguration;
			buildSettings = {
				ALWAYS_SEARCH_USER_PATHS = NO;
				CLANG_ANALYZER_NONNULL = YES;
				CLANG_ANALYZER_NUMBER_OBJECT_CONVERSION = YES_AGGRESSIVE;
				CLANG_CXX_LANGUAGE_STANDARD = "gnu++14";
				CLANG_CXX_LIBRARY = "libc++";
				CLANG_ENABLE_MODULES = YES;
				CLANG_ENABLE_OBJC_ARC = YES;
				CLANG_ENABLE_OBJC_WEAK = YES;
				CLANG_WARN_BLOCK_CAPTURE_AUTORELEASING = YES;
				CLANG_WARN_BOOL_CONVERSION = YES;
				CLANG_WARN_COMMA = YES;
				CLANG_WARN_CONSTANT_CONVERSION = YES;
				CLANG_WARN_DEPRECATED_OBJC_IMPLEMENTATIONS = YES;
				CLANG_WARN_DIRECT_OBJC_ISA_USAGE = YES_ERROR;
				CLANG_WARN_DOCUMENTATION_COMMENTS = YES;
				CLANG_WARN_EMPTY_BODY = YES;
				CLANG_WARN_ENUM_CONVERSION = YES;
				CLANG_WARN_INFINITE_RECURSION = YES;
				CLANG_WARN_INT_CONVERSION = YES;
				CLANG_WARN_NON_LITERAL_NULL_CONVERSION = YES;
				CLANG_WARN_OBJC_IMPLICIT_RETAIN_SELF = YES;
				CLANG_WARN_OBJC_LITERAL_CONVERSION = YES;
				CLANG_WARN_OBJC_ROOT_CLASS = YES_ERROR;
				CLANG_WARN_QUOTED_INCLUDE_IN_FRAMEWORK_HEADER = YES;
				CLANG_WARN_RANGE_LOOP_ANALYSIS = YES;
				CLANG_WARN_STRICT_PROTOTYPES = YES;
				CLANG_WARN_SUSPICIOUS_MOVE = YES;
				CLANG_WARN_UNGUARDED_AVAILABILITY = YES_AGGRESSIVE;
				CLANG_WARN_UNREACHABLE_CODE = YES;
				CLANG_WARN__DUPLICATE_METHOD_MATCH = YES;
				COPY_PHASE_STRIP = NO;
				DEBUG_INFORMATION_FORMAT = dwarf;
				ENABLE_STRICT_OBJC_MSGSEND = YES;
				ENABLE_TESTABILITY = YES;
				GCC_C_LANGUAGE_STANDARD = gnu11;
				GCC_DYNAMIC_NO_PIC = NO;
				GCC_NO_COMMON_BLOCKS = YES;
				GCC_OPTIMIZATION_LEVEL = 0;
				GCC_PREPROCESSOR_DEFINITIONS = (
					"DEBUG=1",
					"$(inherited)",
				);
				GCC_WARN_64_TO_32_BIT_CONVERSION = YES;
				GCC_WARN_ABOUT_RETURN_TYPE = YES_ERROR;
				GCC_WARN_UNDECLARED_SELECTOR = YES;
				GCC_WARN_UNINITIALIZED_AUTOS = YES_AGGRESSIVE;
				GCC_WARN_UNUSED_FUNCTION = YES;
				GCC_WARN_UNUSED_VARIABLE = YES;
				IPHONEOS_DEPLOYMENT_TARGET = 14.5;
				MTL_ENABLE_DEBUG_INFO = INCLUDE_SOURCE;
				MTL_FAST_MATH = YES;
				ONLY_ACTIVE_ARCH = YES;
				SDKROOT = iphoneos;
				SWIFT_ACTIVE_COMPILATION_CONDITIONS = DEBUG;
				SWIFT_OPTIMIZATION_LEVEL = "-Onone";
			};
			name = Debug;
		};
		ABFB0FFC277D3C4C004D648E /* Release */ = {
			isa = XCBuildConfiguration;
			buildSettings = {
				ALWAYS_SEARCH_USER_PATHS = NO;
				CLANG_ANALYZER_NONNULL = YES;
				CLANG_ANALYZER_NUMBER_OBJECT_CONVERSION = YES_AGGRESSIVE;
				CLANG_CXX_LANGUAGE_STANDARD = "gnu++14";
				CLANG_CXX_LIBRARY = "libc++";
				CLANG_ENABLE_MODULES = YES;
				CLANG_ENABLE_OBJC_ARC = YES;
				CLANG_ENABLE_OBJC_WEAK = YES;
				CLANG_WARN_BLOCK_CAPTURE_AUTORELEASING = YES;
				CLANG_WARN_BOOL_CONVERSION = YES;
				CLANG_WARN_COMMA = YES;
				CLANG_WARN_CONSTANT_CONVERSION = YES;
				CLANG_WARN_DEPRECATED_OBJC_IMPLEMENTATIONS = YES;
				CLANG_WARN_DIRECT_OBJC_ISA_USAGE = YES_ERROR;
				CLANG_WARN_DOCUMENTATION_COMMENTS = YES;
				CLANG_WARN_EMPTY_BODY = YES;
				CLANG_WARN_ENUM_CONVERSION = YES;
				CLANG_WARN_INFINITE_RECURSION = YES;
				CLANG_WARN_INT_CONVERSION = YES;
				CLANG_WARN_NON_LITERAL_NULL_CONVERSION = YES;
				CLANG_WARN_OBJC_IMPLICIT_RETAIN_SELF = YES;
				CLANG_WARN_OBJC_LITERAL_CONVERSION = YES;
				CLANG_WARN_OBJC_ROOT_CLASS = YES_ERROR;
				CLANG_WARN_QUOTED_INCLUDE_IN_FRAMEWORK_HEADER = YES;
				CLANG_WARN_RANGE_LOOP_ANALYSIS = YES;
				CLANG_WARN_STRICT_PROTOTYPES = YES;
				CLANG_WARN_SUSPICIOUS_MOVE = YES;
				CLANG_WARN_UNGUARDED_AVAILABILITY = YES_AGGRESSIVE;
				CLANG_WARN_UNREACHABLE_CODE = YES;
				CLANG_WARN__DUPLICATE_METHOD_MATCH = YES;
				COPY_PHASE_STRIP = NO;
				DEBUG_INFORMATION_FORMAT = "dwarf-with-dsym";
				ENABLE_NS_ASSERTIONS = NO;
				ENABLE_STRICT_OBJC_MSGSEND = YES;
				GCC_C_LANGUAGE_STANDARD = gnu11;
				GCC_NO_COMMON_BLOCKS = YES;
				GCC_WARN_64_TO_32_BIT_CONVERSION = YES;
				GCC_WARN_ABOUT_RETURN_TYPE = YES_ERROR;
				GCC_WARN_UNDECLARED_SELECTOR = YES;
				GCC_WARN_UNINITIALIZED_AUTOS = YES_AGGRESSIVE;
				GCC_WARN_UNUSED_FUNCTION = YES;
				GCC_WARN_UNUSED_VARIABLE = YES;
				IPHONEOS_DEPLOYMENT_TARGET = 14.5;
				MTL_ENABLE_DEBUG_INFO = NO;
				MTL_FAST_MATH = YES;
				SDKROOT = iphoneos;
				SWIFT_COMPILATION_MODE = wholemodule;
				SWIFT_OPTIMIZATION_LEVEL = "-O";
				VALIDATE_PRODUCT = YES;
			};
			name = Release;
		};
		ABFB0FFE277D3C4C004D648E /* Debug */ = {
			isa = XCBuildConfiguration;
			buildSettings = {
				ASSETCATALOG_COMPILER_APPICON_NAME = AppIcon;
				ASSETCATALOG_COMPILER_GLOBAL_ACCENT_COLOR_NAME = AccentColor;
				CODE_SIGN_STYLE = Automatic;
				DEVELOPMENT_TEAM = 3K4W5958F9;
				INFOPLIST_FILE = GHFollowers/Info.plist;
				LD_RUNPATH_SEARCH_PATHS = (
					"$(inherited)",
					"@executable_path/Frameworks",
				);
				PRODUCT_BUNDLE_IDENTIFIER = shellygupta.com.GHFollowers;
				PRODUCT_NAME = "$(TARGET_NAME)";
				SWIFT_VERSION = 5.0;
				TARGETED_DEVICE_FAMILY = 1;
			};
			name = Debug;
		};
		ABFB0FFF277D3C4C004D648E /* Release */ = {
			isa = XCBuildConfiguration;
			buildSettings = {
				ASSETCATALOG_COMPILER_APPICON_NAME = AppIcon;
				ASSETCATALOG_COMPILER_GLOBAL_ACCENT_COLOR_NAME = AccentColor;
				CODE_SIGN_STYLE = Automatic;
				DEVELOPMENT_TEAM = 3K4W5958F9;
				INFOPLIST_FILE = GHFollowers/Info.plist;
				LD_RUNPATH_SEARCH_PATHS = (
					"$(inherited)",
					"@executable_path/Frameworks",
				);
				PRODUCT_BUNDLE_IDENTIFIER = shellygupta.com.GHFollowers;
				PRODUCT_NAME = "$(TARGET_NAME)";
				SWIFT_VERSION = 5.0;
				TARGETED_DEVICE_FAMILY = 1;
			};
			name = Release;
		};
/* End XCBuildConfiguration section */

/* Begin XCConfigurationList section */
		ABFB0FE4277D3C4A004D648E /* Build configuration list for PBXProject "GHFollowers" */ = {
			isa = XCConfigurationList;
			buildConfigurations = (
				ABFB0FFB277D3C4C004D648E /* Debug */,
				ABFB0FFC277D3C4C004D648E /* Release */,
			);
			defaultConfigurationIsVisible = 0;
			defaultConfigurationName = Release;
		};
		ABFB0FFD277D3C4C004D648E /* Build configuration list for PBXNativeTarget "GHFollowers" */ = {
			isa = XCConfigurationList;
			buildConfigurations = (
				ABFB0FFE277D3C4C004D648E /* Debug */,
				ABFB0FFF277D3C4C004D648E /* Release */,
			);
			defaultConfigurationIsVisible = 0;
			defaultConfigurationName = Release;
		};
/* End XCConfigurationList section */
	};
	rootObject = ABFB0FE1277D3C4A004D648E /* Project object */;
}
